
Microsoft Visual Studio Solution File, Format Version 12.00
# Visual Studio Version 17
VisualStudioVersion = 17.4.33205.214
MinimumVisualStudioVersion = 10.0.40219.1
Project("{FAE04EC0-301F-11D3-BF4B-00C04F79EFBC}") = "ExplorerMen", "ExplorerMen.csproj", "{2F60648D-2A23-4552-83E2-A479F8126283}"
EndProject
Global
	GlobalSection(SolutionConfigurationPlatforms) = preSolution
		Debug|Any CPU = Debug|Any CPU
		Debug|x64 = Debug|x64
		Release|Any CPU = Release|Any CPU
		Release|x64 = Release|x64
	EndGlobalSection
	GlobalSection(ProjectConfigurationPlatforms) = postSolution
		{2F60648D-2A23-4552-83E2-A479F8126283}.Debug|Any CPU.ActiveCfg = Debug|Any CPU
		{2F60648D-2A23-4552-83E2-A479F8126283}.Debug|Any CPU.Build.0 = Debug|Any CPU
		{2F60648D-2A23-4552-83E2-A479F8126283}.Debug|x64.ActiveCfg = Debug|x64
		{2F60648D-2A23-4552-83E2-A479F8126283}.Debug|x64.Build.0 = Debug|x64
		{2F60648D-2A23-4552-83E2-A479F8126283}.Release|Any CPU.ActiveCfg = Release|Any CPU
		{2F60648D-2A23-4552-83E2-A479F8126283}.Release|Any CPU.Build.0 = Release|Any CPU
		{2F60648D-2A23-4552-83E2-A479F8126283}.Release|x64.ActiveCfg = Release|x64
		{2F60648D-2A23-4552-83E2-A479F8126283}.Release|x64.Build.0 = Release|x64
	EndGlobalSection
	GlobalSection(SolutionProperties) = preSolution
		HideSolutionNode = FALSE
	EndGlobalSection
	GlobalSection(ExtensibilityGlobals) = postSolution
		SolutionGuid = {FCE5EBCB-B25A-41D2-B55C-CA3175FB5986}
	EndGlobalSection
EndGlobal
